
Microsoft Visual Studio Solution File, Format Version 12.00
# Visual Studio Version 17
VisualStudioVersion = 17.11.35208.52
MinimumVisualStudioVersion = 10.0.40219.1
Project("{FAE04EC0-301F-11D3-BF4B-00C04F79EFBC}") = "Tsugu.Frontend", "Tsugu.Frontend\Tsugu.Frontend.csproj", "{EA5F7D76-2D2C-4819-A820-8A772D77DEEA}"
EndProject
Project("{FAE04EC0-301F-11D3-BF4B-00C04F79EFBC}") = "Tsugu.Api", "Tsugu.Api\Tsugu.Api.csproj", "{E8EE15C3-7F3A-4AF2-8F13-EAFC4B705E7B}"
EndProject
Project("{FAE04EC0-301F-11D3-BF4B-00C04F79EFBC}") = "Satori.Protocol", "Satori.NET\src\Satori.Protocol\Satori.Protocol.csproj", "{F31CA6CA-D92D-4F56-A0F5-3EF3B397459A}"
EndProject
Project("{FAE04EC0-301F-11D3-BF4B-00C04F79EFBC}") = "Satori.Client", "Satori.NET\src\Satori.Client\Satori.Client.csproj", "{C0C3776B-E20A-4958-BE49-5017A603700E}"
EndProject
Global
	GlobalSection(SolutionConfigurationPlatforms) = preSolution
		Debug|Any CPU = Debug|Any CPU
		Release|Any CPU = Release|Any CPU
	EndGlobalSection
	GlobalSection(ProjectConfigurationPlatforms) = postSolution
		{EA5F7D76-2D2C-4819-A820-8A772D77DEEA}.Debug|Any CPU.ActiveCfg = Debug|Any CPU
		{EA5F7D76-2D2C-4819-A820-8A772D77DEEA}.Debug|Any CPU.Build.0 = Debug|Any CPU
		{EA5F7D76-2D2C-4819-A820-8A772D77DEEA}.Release|Any CPU.ActiveCfg = Release|Any CPU
		{EA5F7D76-2D2C-4819-A820-8A772D77DEEA}.Release|Any CPU.Build.0 = Release|Any CPU
		{E8EE15C3-7F3A-4AF2-8F13-EAFC4B705E7B}.Debug|Any CPU.ActiveCfg = Debug|Any CPU
		{E8EE15C3-7F3A-4AF2-8F13-EAFC4B705E7B}.Debug|Any CPU.Build.0 = Debug|Any CPU
		{E8EE15C3-7F3A-4AF2-8F13-EAFC4B705E7B}.Release|Any CPU.ActiveCfg = Release|Any CPU
		{E8EE15C3-7F3A-4AF2-8F13-EAFC4B705E7B}.Release|Any CPU.Build.0 = Release|Any CPU
		{C0C3776B-E20A-4958-BE49-5017A603700E}.Debug|Any CPU.ActiveCfg = Debug|Any CPU
		{C0C3776B-E20A-4958-BE49-5017A603700E}.Debug|Any CPU.Build.0 = Debug|Any CPU
		{F31CA6CA-D92D-4F56-A0F5-3EF3B397459A}.Debug|Any CPU.ActiveCfg = Debug|Any CPU
		{F31CA6CA-D92D-4F56-A0F5-3EF3B397459A}.Debug|Any CPU.Build.0 = Debug|Any CPU
	EndGlobalSection
	GlobalSection(SolutionProperties) = preSolution
		HideSolutionNode = FALSE
	EndGlobalSection
	GlobalSection(ExtensibilityGlobals) = postSolution
		SolutionGuid = {679AB373-DC03-4FD6-8671-08C774FDEAB2}
	EndGlobalSection
EndGlobal
